
Microsoft Visual Studio Solution File, Format Version 12.00
# Visual Studio Version 17
VisualStudioVersion = 17.3.32811.315
MinimumVisualStudioVersion = 10.0.40219.1
Project("{FAE04EC0-301F-11D3-BF4B-00C04F79EFBC}") = "SalesWebMVC", "SalesWebMVC\SalesWebMVC.csproj", "{B1E3866D-814B-4E16-B65C-7A48FE073B41}"
EndProject
Global
	GlobalSection(SolutionConfigurationPlatforms) = preSolution
		Debug|Any CPU = Debug|Any CPU
		Release|Any CPU = Release|Any CPU
	EndGlobalSection
	GlobalSection(ProjectConfigurationPlatforms) = postSolution
		{B1E3866D-814B-4E16-B65C-7A48FE073B41}.Debug|Any CPU.ActiveCfg = Debug|Any CPU
		{B1E3866D-814B-4E16-B65C-7A48FE073B41}.Debug|Any CPU.Build.0 = Debug|Any CPU
		{B1E3866D-814B-4E16-B65C-7A48FE073B41}.Release|Any CPU.ActiveCfg = Release|Any CPU
		{B1E3866D-814B-4E16-B65C-7A48FE073B41}.Release|Any CPU.Build.0 = Release|Any CPU
	EndGlobalSection
	GlobalSection(SolutionProperties) = preSolution
		HideSolutionNode = FALSE
	EndGlobalSection
	GlobalSection(ExtensibilityGlobals) = postSolution
		SolutionGuid = {89467D41-F8E0-4310-AD7B-7C96311FA0EA}
	EndGlobalSection
EndGlobal
